
Microsoft Visual Studio Solution File, Format Version 12.00
# Visual Studio Version 16
VisualStudioVersion = 16.0.31729.503
MinimumVisualStudioVersion = 10.0.40219.1
Project("{FAE04EC0-301F-11D3-BF4B-00C04F79EFBC}") = "Homework1", "Homework1\Homework1.csproj", "{79D0E3E4-BD97-475E-9602-F9BDD9E6ECE6}"
EndProject
Global
	GlobalSection(SolutionConfigurationPlatforms) = preSolution
		Debug|Any CPU = Debug|Any CPU
		Release|Any CPU = Release|Any CPU
	EndGlobalSection
	GlobalSection(ProjectConfigurationPlatforms) = postSolution
		{79D0E3E4-BD97-475E-9602-F9BDD9E6ECE6}.Debug|Any CPU.ActiveCfg = Debug|Any CPU
		{79D0E3E4-BD97-475E-9602-F9BDD9E6ECE6}.Debug|Any CPU.Build.0 = Debug|Any CPU
		{79D0E3E4-BD97-475E-9602-F9BDD9E6ECE6}.Release|Any CPU.ActiveCfg = Release|Any CPU
		{79D0E3E4-BD97-475E-9602-F9BDD9E6ECE6}.Release|Any CPU.Build.0 = Release|Any CPU
	EndGlobalSection
	GlobalSection(SolutionProperties) = preSolution
		HideSolutionNode = FALSE
	EndGlobalSection
	GlobalSection(ExtensibilityGlobals) = postSolution
		SolutionGuid = {1694E95F-31B5-46C6-AA6D-7573334BE205}
	EndGlobalSection
EndGlobal
